
Microsoft Visual Studio Solution File, Format Version 12.00
# Visual Studio Version 16
VisualStudioVersion = 16.0.34601.136
MinimumVisualStudioVersion = 10.0.40219.1
Project("{FAE04EC0-301F-11D3-BF4B-00C04F79EFBC}") = "Authorization", "Authorization\Authorization.csproj", "{A96C35F4-6BBC-4240-86F3-E755CBF53A14}"
EndProject
Project("{FAE04EC0-301F-11D3-BF4B-00C04F79EFBC}") = "UnitTestProject", "UnitTestProject\UnitTestProject.csproj", "{8C33B1AB-F7A2-4955-9707-E33F95914BF2}"
EndProject
Global
	GlobalSection(SolutionConfigurationPlatforms) = preSolution
		Debug|Any CPU = Debug|Any CPU
		Release|Any CPU = Release|Any CPU
	EndGlobalSection
	GlobalSection(ProjectConfigurationPlatforms) = postSolution
		{A96C35F4-6BBC-4240-86F3-E755CBF53A14}.Debug|Any CPU.ActiveCfg = Debug|Any CPU
		{A96C35F4-6BBC-4240-86F3-E755CBF53A14}.Debug|Any CPU.Build.0 = Debug|Any CPU
		{A96C35F4-6BBC-4240-86F3-E755CBF53A14}.Release|Any CPU.ActiveCfg = Release|Any CPU
		{A96C35F4-6BBC-4240-86F3-E755CBF53A14}.Release|Any CPU.Build.0 = Release|Any CPU
		{8C33B1AB-F7A2-4955-9707-E33F95914BF2}.Debug|Any CPU.ActiveCfg = Debug|Any CPU
		{8C33B1AB-F7A2-4955-9707-E33F95914BF2}.Debug|Any CPU.Build.0 = Debug|Any CPU
		{8C33B1AB-F7A2-4955-9707-E33F95914BF2}.Release|Any CPU.ActiveCfg = Release|Any CPU
		{8C33B1AB-F7A2-4955-9707-E33F95914BF2}.Release|Any CPU.Build.0 = Release|Any CPU
	EndGlobalSection
	GlobalSection(SolutionProperties) = preSolution
		HideSolutionNode = FALSE
	EndGlobalSection
	GlobalSection(ExtensibilityGlobals) = postSolution
		SolutionGuid = {2DA6F4FB-DE76-4202-AAAD-1E3D17AE1002}
	EndGlobalSection
EndGlobal
